
Microsoft Visual Studio Solution File, Format Version 12.00
# Visual Studio Version 17
VisualStudioVersion = 17.7.34221.43
MinimumVisualStudioVersion = 10.0.40219.1
Project("{9A19103F-16F7-4668-BE54-9A1E7A4F7556}") = "BowlingCalculatorTest", "BowlingCalculatorTest.csproj", "{8B85DCD1-5ABD-427C-8058-D2E3F6FA99E5}"
EndProject
Global
	GlobalSection(SolutionConfigurationPlatforms) = preSolution
		Debug|Any CPU = Debug|Any CPU
		Release|Any CPU = Release|Any CPU
	EndGlobalSection
	GlobalSection(ProjectConfigurationPlatforms) = postSolution
		{8B85DCD1-5ABD-427C-8058-D2E3F6FA99E5}.Debug|Any CPU.ActiveCfg = Debug|Any CPU
		{8B85DCD1-5ABD-427C-8058-D2E3F6FA99E5}.Debug|Any CPU.Build.0 = Debug|Any CPU
		{8B85DCD1-5ABD-427C-8058-D2E3F6FA99E5}.Release|Any CPU.ActiveCfg = Release|Any CPU
		{8B85DCD1-5ABD-427C-8058-D2E3F6FA99E5}.Release|Any CPU.Build.0 = Release|Any CPU
	EndGlobalSection
	GlobalSection(SolutionProperties) = preSolution
		HideSolutionNode = FALSE
	EndGlobalSection
	GlobalSection(ExtensibilityGlobals) = postSolution
		SolutionGuid = {7CD94126-D029-422B-BE20-CC45070D5D04}
	EndGlobalSection
EndGlobal
